
Microsoft Visual Studio Solution File, Format Version 12.00
# Visual Studio 2012
Project("{FAE04EC0-301F-11D3-BF4B-00C04F79EFBC}") = "OptimizationAlgorithms.GeneticAlgorithm", "OptimizationAlgorithms.GeneticAlgorithm\OptimizationAlgorithms.GeneticAlgorithm.csproj", "{62610779-F4BE-4EA0-8153-0FAAC7367FAC}"
EndProject
Project("{FAE04EC0-301F-11D3-BF4B-00C04F79EFBC}") = "OptimizationAlgorithms.GeneticAlgorithm.Tests", "OptimizationAlgorithms.GeneticAlgorithm.Tests\OptimizationAlgorithms.GeneticAlgorithm.Tests.csproj", "{AA3A5FF6-DAAB-45E2-BDD2-358B95FBF581}"
EndProject
Project("{2150E333-8FDC-42A3-9474-1A3956D46DE8}") = "Demos", "Demos", "{4464FE2C-DA59-478E-B008-0425A4912D05}"
EndProject
Project("{2150E333-8FDC-42A3-9474-1A3956D46DE8}") = "Tests", "Tests", "{0218C375-85E8-4A31-BBF4-8796ED7B5ED9}"
EndProject
Project("{FAE04EC0-301F-11D3-BF4B-00C04F79EFBC}") = "OptimizationAlgorithms.GeneticAlgorithm.Demos.SimpleTSP", "OptimizationAlgorithms.GeneticAlgorithm.Demos.SimpleTSP\OptimizationAlgorithms.GeneticAlgorithm.Demos.SimpleTSP.csproj", "{5093B6CB-4E57-43A1-AF15-FF8E2DDB96D6}"
EndProject
Global
	GlobalSection(SolutionConfigurationPlatforms) = preSolution
		Debug|Any CPU = Debug|Any CPU
		Release|Any CPU = Release|Any CPU
	EndGlobalSection
	GlobalSection(ProjectConfigurationPlatforms) = postSolution
		{62610779-F4BE-4EA0-8153-0FAAC7367FAC}.Debug|Any CPU.ActiveCfg = Debug|Any CPU
		{62610779-F4BE-4EA0-8153-0FAAC7367FAC}.Debug|Any CPU.Build.0 = Debug|Any CPU
		{62610779-F4BE-4EA0-8153-0FAAC7367FAC}.Release|Any CPU.ActiveCfg = Release|Any CPU
		{62610779-F4BE-4EA0-8153-0FAAC7367FAC}.Release|Any CPU.Build.0 = Release|Any CPU
		{AA3A5FF6-DAAB-45E2-BDD2-358B95FBF581}.Debug|Any CPU.ActiveCfg = Debug|Any CPU
		{AA3A5FF6-DAAB-45E2-BDD2-358B95FBF581}.Debug|Any CPU.Build.0 = Debug|Any CPU
		{AA3A5FF6-DAAB-45E2-BDD2-358B95FBF581}.Release|Any CPU.ActiveCfg = Release|Any CPU
		{AA3A5FF6-DAAB-45E2-BDD2-358B95FBF581}.Release|Any CPU.Build.0 = Release|Any CPU
		{5093B6CB-4E57-43A1-AF15-FF8E2DDB96D6}.Debug|Any CPU.ActiveCfg = Debug|Any CPU
		{5093B6CB-4E57-43A1-AF15-FF8E2DDB96D6}.Debug|Any CPU.Build.0 = Debug|Any CPU
		{5093B6CB-4E57-43A1-AF15-FF8E2DDB96D6}.Release|Any CPU.ActiveCfg = Release|Any CPU
		{5093B6CB-4E57-43A1-AF15-FF8E2DDB96D6}.Release|Any CPU.Build.0 = Release|Any CPU
	EndGlobalSection
	GlobalSection(SolutionProperties) = preSolution
		HideSolutionNode = FALSE
	EndGlobalSection
	GlobalSection(NestedProjects) = preSolution
		{AA3A5FF6-DAAB-45E2-BDD2-358B95FBF581} = {0218C375-85E8-4A31-BBF4-8796ED7B5ED9}
		{5093B6CB-4E57-43A1-AF15-FF8E2DDB96D6} = {4464FE2C-DA59-478E-B008-0425A4912D05}
	EndGlobalSection
EndGlobal
